
Microsoft Visual Studio Solution File, Format Version 12.00
# Visual Studio Version 16
VisualStudioVersion = 16.0.30523.141
MinimumVisualStudioVersion = 10.0.40219.1
Project("{9A19103F-16F7-4668-BE54-9A1E7A4F7556}") = "LibraryProject", "LibraryProject.csproj", "{6CB47C4F-783B-4433-921D-AF09F2686ACB}"
EndProject
Project("{9A19103F-16F7-4668-BE54-9A1E7A4F7556}") = "SharedLibrary", "..\SharedLibrary\SharedLibrary.csproj", "{D1076375-A277-4C15-9918-5F9E79336608}"
EndProject
Project("{9A19103F-16F7-4668-BE54-9A1E7A4F7556}") = "UtilityLibrary2", "..\UtilityProject\UtilityLibrary2.csproj", "{F01AC5DF-C4B3-4D77-BE31-00933E65D92A}"
EndProject
Global
	GlobalSection(SolutionConfigurationPlatforms) = preSolution
		Debug|Any CPU = Debug|Any CPU
		Release|Any CPU = Release|Any CPU
	EndGlobalSection
	GlobalSection(ProjectConfigurationPlatforms) = postSolution
		{6CB47C4F-783B-4433-921D-AF09F2686ACB}.Debug|Any CPU.ActiveCfg = Debug|Any CPU
		{6CB47C4F-783B-4433-921D-AF09F2686ACB}.Debug|Any CPU.Build.0 = Debug|Any CPU
		{6CB47C4F-783B-4433-921D-AF09F2686ACB}.Release|Any CPU.ActiveCfg = Release|Any CPU
		{6CB47C4F-783B-4433-921D-AF09F2686ACB}.Release|Any CPU.Build.0 = Release|Any CPU
		{D1076375-A277-4C15-9918-5F9E79336608}.Debug|Any CPU.ActiveCfg = Debug|Any CPU
		{D1076375-A277-4C15-9918-5F9E79336608}.Debug|Any CPU.Build.0 = Debug|Any CPU
		{D1076375-A277-4C15-9918-5F9E79336608}.Release|Any CPU.ActiveCfg = Release|Any CPU
		{D1076375-A277-4C15-9918-5F9E79336608}.Release|Any CPU.Build.0 = Release|Any CPU
		{F01AC5DF-C4B3-4D77-BE31-00933E65D92A}.Debug|Any CPU.ActiveCfg = Debug|Any CPU
		{F01AC5DF-C4B3-4D77-BE31-00933E65D92A}.Debug|Any CPU.Build.0 = Debug|Any CPU
		{F01AC5DF-C4B3-4D77-BE31-00933E65D92A}.Release|Any CPU.ActiveCfg = Release|Any CPU
		{F01AC5DF-C4B3-4D77-BE31-00933E65D92A}.Release|Any CPU.Build.0 = Release|Any CPU
	EndGlobalSection
	GlobalSection(SolutionProperties) = preSolution
		HideSolutionNode = FALSE
	EndGlobalSection
	GlobalSection(ExtensibilityGlobals) = postSolution
		SolutionGuid = {8BCC289A-8AD1-403E-8F8D-24186A824116}
	EndGlobalSection
EndGlobal
