
Microsoft Visual Studio Solution File, Format Version 12.00
# Visual Studio Version 16
VisualStudioVersion = 16.0.30523.141
MinimumVisualStudioVersion = 10.0.40219.1
Project("{FAE04EC0-301F-11D3-BF4B-00C04F79EFBC}") = "SalesWebApiEF", "SalesWebApiEF.csproj", "{EE74BC22-4EBA-423A-A7C1-4D064D664697}"
EndProject
Global
	GlobalSection(SolutionConfigurationPlatforms) = preSolution
		Debug|Any CPU = Debug|Any CPU
		Release|Any CPU = Release|Any CPU
	EndGlobalSection
	GlobalSection(ProjectConfigurationPlatforms) = postSolution
		{EE74BC22-4EBA-423A-A7C1-4D064D664697}.Debug|Any CPU.ActiveCfg = Debug|Any CPU
		{EE74BC22-4EBA-423A-A7C1-4D064D664697}.Debug|Any CPU.Build.0 = Debug|Any CPU
		{EE74BC22-4EBA-423A-A7C1-4D064D664697}.Release|Any CPU.ActiveCfg = Release|Any CPU
		{EE74BC22-4EBA-423A-A7C1-4D064D664697}.Release|Any CPU.Build.0 = Release|Any CPU
	EndGlobalSection
	GlobalSection(SolutionProperties) = preSolution
		HideSolutionNode = FALSE
	EndGlobalSection
	GlobalSection(ExtensibilityGlobals) = postSolution
		SolutionGuid = {F714D92A-FB1C-489A-8272-5BE74D546655}
	EndGlobalSection
EndGlobal
