
Microsoft Visual Studio Solution File, Format Version 12.00
# Visual Studio Version 16
VisualStudioVersion = 16.0.30523.141
MinimumVisualStudioVersion = 10.0.40219.1
Project("{FAE04EC0-301F-11D3-BF4B-00C04F79EFBC}") = "EntityFrameworkProject", "EntityFrameworkProject.csproj", "{6F0EA2EE-177A-429C-9EC4-6CE3204F0626}"
EndProject
Project("{FAE04EC0-301F-11D3-BF4B-00C04F79EFBC}") = "EntityFrameworkLibrary", "..\EntityFrameworkLibrary\EntityFrameworkLibrary.csproj", "{8F412A96-C71C-47FA-8D59-FCF74C6B3DDC}"
EndProject
Global
	GlobalSection(SolutionConfigurationPlatforms) = preSolution
		Debug|Any CPU = Debug|Any CPU
		Release|Any CPU = Release|Any CPU
	EndGlobalSection
	GlobalSection(ProjectConfigurationPlatforms) = postSolution
		{6F0EA2EE-177A-429C-9EC4-6CE3204F0626}.Debug|Any CPU.ActiveCfg = Debug|Any CPU
		{6F0EA2EE-177A-429C-9EC4-6CE3204F0626}.Debug|Any CPU.Build.0 = Debug|Any CPU
		{6F0EA2EE-177A-429C-9EC4-6CE3204F0626}.Release|Any CPU.ActiveCfg = Release|Any CPU
		{6F0EA2EE-177A-429C-9EC4-6CE3204F0626}.Release|Any CPU.Build.0 = Release|Any CPU
		{8F412A96-C71C-47FA-8D59-FCF74C6B3DDC}.Debug|Any CPU.ActiveCfg = Debug|Any CPU
		{8F412A96-C71C-47FA-8D59-FCF74C6B3DDC}.Debug|Any CPU.Build.0 = Debug|Any CPU
		{8F412A96-C71C-47FA-8D59-FCF74C6B3DDC}.Release|Any CPU.ActiveCfg = Release|Any CPU
		{8F412A96-C71C-47FA-8D59-FCF74C6B3DDC}.Release|Any CPU.Build.0 = Release|Any CPU
	EndGlobalSection
	GlobalSection(SolutionProperties) = preSolution
		HideSolutionNode = FALSE
	EndGlobalSection
	GlobalSection(ExtensibilityGlobals) = postSolution
		SolutionGuid = {E07123FE-DF96-451B-9F60-585616968251}
	EndGlobalSection
EndGlobal
