
Microsoft Visual Studio Solution File, Format Version 12.00
# Visual Studio Version 16
VisualStudioVersion = 16.0.30523.141
MinimumVisualStudioVersion = 10.0.40219.1
Project("{FAE04EC0-301F-11D3-BF4B-00C04F79EFBC}") = "ConsoleApp1", "ConsoleApp1.csproj", "{4E28E659-8511-4E3B-BAA9-B94823976730}"
EndProject
Global
	GlobalSection(SolutionConfigurationPlatforms) = preSolution
		Debug|Any CPU = Debug|Any CPU
		Release|Any CPU = Release|Any CPU
	EndGlobalSection
	GlobalSection(ProjectConfigurationPlatforms) = postSolution
		{4E28E659-8511-4E3B-BAA9-B94823976730}.Debug|Any CPU.ActiveCfg = Debug|Any CPU
		{4E28E659-8511-4E3B-BAA9-B94823976730}.Debug|Any CPU.Build.0 = Debug|Any CPU
		{4E28E659-8511-4E3B-BAA9-B94823976730}.Release|Any CPU.ActiveCfg = Release|Any CPU
		{4E28E659-8511-4E3B-BAA9-B94823976730}.Release|Any CPU.Build.0 = Release|Any CPU
	EndGlobalSection
	GlobalSection(SolutionProperties) = preSolution
		HideSolutionNode = FALSE
	EndGlobalSection
	GlobalSection(ExtensibilityGlobals) = postSolution
		SolutionGuid = {13A85191-AA50-4796-BA20-E14B65354A70}
	EndGlobalSection
EndGlobal
