
Microsoft Visual Studio Solution File, Format Version 12.00
# Visual Studio Version 16
VisualStudioVersion = 16.0.30611.23
MinimumVisualStudioVersion = 10.0.40219.1
Project("{FAE04EC0-301F-11D3-BF4B-00C04F79EFBC}") = "AdvancedCSharp", "AdvancedCSharp.csproj", "{32217F26-31CF-4BF1-B27B-1F6AFC810342}"
EndProject
Global
	GlobalSection(SolutionConfigurationPlatforms) = preSolution
		Debug|Any CPU = Debug|Any CPU
		Release|Any CPU = Release|Any CPU
	EndGlobalSection
	GlobalSection(ProjectConfigurationPlatforms) = postSolution
		{32217F26-31CF-4BF1-B27B-1F6AFC810342}.Debug|Any CPU.ActiveCfg = Debug|Any CPU
		{32217F26-31CF-4BF1-B27B-1F6AFC810342}.Debug|Any CPU.Build.0 = Debug|Any CPU
		{32217F26-31CF-4BF1-B27B-1F6AFC810342}.Release|Any CPU.ActiveCfg = Release|Any CPU
		{32217F26-31CF-4BF1-B27B-1F6AFC810342}.Release|Any CPU.Build.0 = Release|Any CPU
	EndGlobalSection
	GlobalSection(SolutionProperties) = preSolution
		HideSolutionNode = FALSE
	EndGlobalSection
	GlobalSection(ExtensibilityGlobals) = postSolution
		SolutionGuid = {1F48B578-B195-4B38-B8B7-4135B75DF842}
	EndGlobalSection
EndGlobal
